
Microsoft Visual Studio Solution File, Format Version 12.00
# Visual Studio Version 17
VisualStudioVersion = 17.7.34031.279
MinimumVisualStudioVersion = 10.0.40219.1
Project("{8BC9CEB8-8B4A-11D0-8D11-00A0C91BC942}") = "shared_ptr", "shared_ptr\shared_ptr.vcxproj", "{9B1F4DE9-3FCD-4B08-9C8D-641559687712}"
EndProject
Global
	GlobalSection(SolutionConfigurationPlatforms) = preSolution
		Debug|x64 = Debug|x64
		Debug|x86 = Debug|x86
		Release|x64 = Release|x64
		Release|x86 = Release|x86
	EndGlobalSection
	GlobalSection(ProjectConfigurationPlatforms) = postSolution
		{9B1F4DE9-3FCD-4B08-9C8D-641559687712}.Debug|x64.ActiveCfg = Debug|x64
		{9B1F4DE9-3FCD-4B08-9C8D-641559687712}.Debug|x64.Build.0 = Debug|x64
		{9B1F4DE9-3FCD-4B08-9C8D-641559687712}.Debug|x86.ActiveCfg = Debug|Win32
		{9B1F4DE9-3FCD-4B08-9C8D-641559687712}.Debug|x86.Build.0 = Debug|Win32
		{9B1F4DE9-3FCD-4B08-9C8D-641559687712}.Release|x64.ActiveCfg = Release|x64
		{9B1F4DE9-3FCD-4B08-9C8D-641559687712}.Release|x64.Build.0 = Release|x64
		{9B1F4DE9-3FCD-4B08-9C8D-641559687712}.Release|x86.ActiveCfg = Release|Win32
		{9B1F4DE9-3FCD-4B08-9C8D-641559687712}.Release|x86.Build.0 = Release|Win32
	EndGlobalSection
	GlobalSection(SolutionProperties) = preSolution
		HideSolutionNode = FALSE
	EndGlobalSection
	GlobalSection(ExtensibilityGlobals) = postSolution
		SolutionGuid = {29C11E2D-A6D4-4FDD-B3E5-8AD856BC62CE}
	EndGlobalSection
EndGlobal
